{
  "version": 4,
  "terraform_version": "1.5.7",
  "serial": 4,
  "lineage": "77b47a9c-3c2c-e615-7445-61e5d177e4e2",
  "outputs": {},
  "resources": [
    {
      "module": "module.ec2",
      "mode": "data",
      "type": "aws_ami",
      "name": "amazon_linux_2",
      "provider": "provider[\"registry.terraform.io/hashicorp/aws\"]",
      "instances": [
        {
          "schema_version": 0,
          "attributes": {
            "architecture": "x86_64",
            "arn": "arn:aws:ec2:us-east-1::image/ami-026a6ccccb37557a8",
            "block_device_mappings": [
              {
                "device_name": "/dev/xvda",
                "ebs": {
                  "delete_on_termination": "true",
                  "encrypted": "false",
                  "iops": "0",
                  "snapshot_id": "snap-0958feb74398ed271",
                  "throughput": "0",
                  "volume_size": "8",
                  "volume_type": "standard"
                },
                "no_device": "",
                "virtual_name": ""
              }
            ],
            "boot_mode": "",
            "creation_date": "2024-06-11T01:09:54.000Z",
            "deprecation_time": "2025-07-01T00:00:00.000Z",
            "description": "Amazon Linux 2 AMI 2.0.20240610.1 x86_64 HVM ebs",
            "ena_support": true,
            "executable_users": null,
            "filter": [
              {
                "name": "name",
                "values": [
                  "amzn2-ami-hvm-*-x86_64-ebs"
                ]
              },
              {
                "name": "owner-alias",
                "values": [
                  "amazon"
                ]
              }
            ],
            "hypervisor": "xen",
            "id": "ami-026a6ccccb37557a8",
            "image_id": "ami-026a6ccccb37557a8",
            "image_location": "amazon/amzn2-ami-hvm-2.0.20240610.1-x86_64-ebs",
            "image_owner_alias": "amazon",
            "image_type": "machine",
            "imds_support": "",
            "include_deprecated": false,
            "kernel_id": "",
            "most_recent": true,
            "name": "amzn2-ami-hvm-2.0.20240610.1-x86_64-ebs",
            "name_regex": null,
            "owner_id": "137112412989",
            "owners": [
              "amazon"
            ],
            "platform": "",
            "platform_details": "Linux/UNIX",
            "product_codes": [],
            "public": true,
            "ramdisk_id": "",
            "root_device_name": "/dev/xvda",
            "root_device_type": "ebs",
            "root_snapshot_id": "snap-0958feb74398ed271",
            "sriov_net_support": "simple",
            "state": "available",
            "state_reason": {
              "code": "UNSET",
              "message": "UNSET"
            },
            "tags": {},
            "timeouts": null,
            "tpm_support": "",
            "usage_operation": "RunInstances",
            "virtualization_type": "hvm"
          },
          "sensitive_attributes": []
        }
      ]
    },
    {
      "module": "module.ec2",
      "mode": "data",
      "type": "aws_ami",
      "name": "ubuntu_20_04",
      "provider": "provider[\"registry.terraform.io/hashicorp/aws\"]",
      "instances": [
        {
          "schema_version": 0,
          "attributes": {
            "architecture": "x86_64",
            "arn": "arn:aws:ec2:us-east-1::image/ami-0c819f65440d5f1d1",
            "block_device_mappings": [
              {
                "device_name": "/dev/sda1",
                "ebs": {
                  "delete_on_termination": "true",
                  "encrypted": "false",
                  "iops": "0",
                  "snapshot_id": "snap-09d658007a3b4a9a0",
                  "throughput": "0",
                  "volume_size": "8",
                  "volume_type": "gp2"
                },
                "no_device": "",
                "virtual_name": ""
              },
              {
                "device_name": "/dev/sdb",
                "ebs": {},
                "no_device": "",
                "virtual_name": "ephemeral0"
              },
              {
                "device_name": "/dev/sdc",
                "ebs": {},
                "no_device": "",
                "virtual_name": "ephemeral1"
              }
            ],
            "boot_mode": "legacy-bios",
            "creation_date": "2024-06-14T22:19:42.000Z",
            "deprecation_time": "2026-06-14T22:19:42.000Z",
            "description": "Canonical, Ubuntu, 20.04 LTS, amd64 focal image build on 2024-06-14",
            "ena_support": true,
            "executable_users": null,
            "filter": [
              {
                "name": "name",
                "values": [
                  "ubuntu/images/hvm-ssd/ubuntu-focal-20.04-amd64-server-*"
                ]
              },
              {
                "name": "virtualization-type",
                "values": [
                  "hvm"
                ]
              }
            ],
            "hypervisor": "xen",
            "id": "ami-0c819f65440d5f1d1",
            "image_id": "ami-0c819f65440d5f1d1",
            "image_location": "amazon/ubuntu/images/hvm-ssd/ubuntu-focal-20.04-amd64-server-20240614",
            "image_owner_alias": "amazon",
            "image_type": "machine",
            "imds_support": "",
            "include_deprecated": false,
            "kernel_id": "",
            "most_recent": true,
            "name": "ubuntu/images/hvm-ssd/ubuntu-focal-20.04-amd64-server-20240614",
            "name_regex": null,
            "owner_id": "099720109477",
            "owners": [
              "099720109477"
            ],
            "platform": "",
            "platform_details": "Linux/UNIX",
            "product_codes": [],
            "public": true,
            "ramdisk_id": "",
            "root_device_name": "/dev/sda1",
            "root_device_type": "ebs",
            "root_snapshot_id": "snap-09d658007a3b4a9a0",
            "sriov_net_support": "simple",
            "state": "available",
            "state_reason": {
              "code": "UNSET",
              "message": "UNSET"
            },
            "tags": {},
            "timeouts": null,
            "tpm_support": "",
            "usage_operation": "RunInstances",
            "virtualization_type": "hvm"
          },
          "sensitive_attributes": []
        }
      ]
    },
    {
      "module": "module.ec2",
      "mode": "data",
      "type": "aws_security_groups",
      "name": "selected",
      "provider": "provider[\"registry.terraform.io/hashicorp/aws\"]",
      "instances": [
        {
          "index_key": "dev-demo-nginx",
          "schema_version": 0,
          "attributes": {
            "arns": [],
            "filter": [
              {
                "name": "group-name",
                "values": [
                  "dev-demo-vpc-ingress-sg"
                ]
              },
              {
                "name": "vpc-id",
                "values": [
                  "vpc-014f14080ca872713"
                ]
              }
            ],
            "id": "us-east-1",
            "ids": [],
            "tags": null,
            "timeouts": null,
            "vpc_ids": []
          },
          "sensitive_attributes": []
        }
      ]
    },
    {
      "module": "module.ec2",
      "mode": "data",
      "type": "aws_subnets",
      "name": "selected",
      "provider": "provider[\"registry.terraform.io/hashicorp/aws\"]",
      "instances": [
        {
          "index_key": "dev-demo-nginx",
          "schema_version": 0,
          "attributes": {
            "filter": [
              {
                "name": "tag:Name",
                "values": [
                  "dev-demo-vpc-public-subnet01",
                  "dev-demo-vpc-public-subnet02"
                ]
              },
              {
                "name": "vpc-id",
                "values": [
                  "vpc-014f14080ca872713"
                ]
              }
            ],
            "id": "us-east-1",
            "ids": [
              "subnet-0de9110759253ff82",
              "subnet-03e40d4fa61477023"
            ],
            "tags": null,
            "timeouts": null
          },
          "sensitive_attributes": []
        }
      ]
    },
    {
      "module": "module.ec2",
      "mode": "data",
      "type": "aws_vpc",
      "name": "selected",
      "provider": "provider[\"registry.terraform.io/hashicorp/aws\"]",
      "instances": [
        {
          "schema_version": 0,
          "attributes": {
            "arn": "arn:aws:ec2:us-east-1:991311245747:vpc/vpc-014f14080ca872713",
            "cidr_block": "10.0.0.0/16",
            "cidr_block_associations": [
              {
                "association_id": "vpc-cidr-assoc-0684197d86fdf75d4",
                "cidr_block": "10.0.0.0/16",
                "state": "associated"
              }
            ],
            "default": false,
            "dhcp_options_id": "dopt-0a3b54c54732cb52d",
            "enable_dns_hostnames": true,
            "enable_dns_support": true,
            "enable_network_address_usage_metrics": false,
            "filter": null,
            "id": "vpc-014f14080ca872713",
            "instance_tenancy": "default",
            "ipv6_association_id": "",
            "ipv6_cidr_block": "",
            "main_route_table_id": "rtb-062c5962f091583f5",
            "owner_id": "991311245747",
            "state": null,
            "tags": {
              "Name": "dev-demo-vpc",
              "managed_by": "Terraform",
              "module": "terraform-vpc"
            },
            "timeouts": null
          },
          "sensitive_attributes": []
        }
      ]
    },
    {
      "module": "module.ec2",
      "mode": "managed",
      "type": "aws_instance",
      "name": "main",
      "provider": "provider[\"registry.terraform.io/hashicorp/aws\"]",
      "instances": [
        {
          "index_key": "dev-demo-nginx",
          "schema_version": 1,
          "attributes": {
            "ami": "ami-026a6ccccb37557a8",
            "arn": "arn:aws:ec2:us-east-1:991311245747:instance/i-019edf869b55ff686",
            "associate_public_ip_address": true,
            "availability_zone": "us-east-1b",
            "capacity_reservation_specification": [
              {
                "capacity_reservation_preference": "open",
                "capacity_reservation_target": []
              }
            ],
            "cpu_core_count": 1,
            "cpu_options": [
              {
                "amd_sev_snp": "",
                "core_count": 1,
                "threads_per_core": 1
              }
            ],
            "cpu_threads_per_core": 1,
            "credit_specification": [
              {
                "cpu_credits": "standard"
              }
            ],
            "disable_api_stop": false,
            "disable_api_termination": false,
            "ebs_block_device": [],
            "ebs_optimized": false,
            "enclave_options": [
              {
                "enabled": false
              }
            ],
            "ephemeral_block_device": [],
            "get_password_data": false,
            "hibernation": false,
            "host_id": "",
            "host_resource_group_arn": null,
            "iam_instance_profile": "",
            "id": "i-019edf869b55ff686",
            "instance_initiated_shutdown_behavior": "stop",
            "instance_lifecycle": "",
            "instance_market_options": [],
            "instance_state": "running",
            "instance_type": "t2.micro",
            "ipv6_address_count": 0,
            "ipv6_addresses": [],
            "key_name": "dev-demo-keypair",
            "launch_template": [],
            "maintenance_options": [
              {
                "auto_recovery": "default"
              }
            ],
            "metadata_options": [
              {
                "http_endpoint": "enabled",
                "http_protocol_ipv6": "disabled",
                "http_put_response_hop_limit": 1,
                "http_tokens": "optional",
                "instance_metadata_tags": "disabled"
              }
            ],
            "monitoring": false,
            "network_interface": [],
            "outpost_arn": "",
            "password_data": "",
            "placement_group": "",
            "placement_partition_number": 0,
            "primary_network_interface_id": "eni-029892244b9f51a33",
            "private_dns": "ip-10-0-45-6.ec2.internal",
            "private_dns_name_options": [
              {
                "enable_resource_name_dns_a_record": false,
                "enable_resource_name_dns_aaaa_record": false,
                "hostname_type": "ip-name"
              }
            ],
            "private_ip": "10.0.45.6",
            "public_dns": "ec2-50-17-84-163.compute-1.amazonaws.com",
            "public_ip": "50.17.84.163",
            "root_block_device": [
              {
                "delete_on_termination": true,
                "device_name": "/dev/xvda",
                "encrypted": false,
                "iops": 100,
                "kms_key_id": "",
                "tags": {
                  "Name": "dev-demo-nginx"
                },
                "tags_all": {
                  "Name": "dev-demo-nginx"
                },
                "throughput": 0,
                "volume_id": "vol-08d104886f14ee547",
                "volume_size": 8,
                "volume_type": "gp2"
              }
            ],
            "secondary_private_ips": [],
            "security_groups": [],
            "source_dest_check": true,
            "spot_instance_request_id": "",
            "subnet_id": "subnet-0de9110759253ff82",
            "tags": {
              "Name": "dev-demo-nginx",
              "managed_by": "Terraform",
              "module": "terraform-ec2"
            },
            "tags_all": {
              "Name": "dev-demo-nginx",
              "managed_by": "Terraform",
              "module": "terraform-ec2"
            },
            "tenancy": "default",
            "timeouts": null,
            "user_data": null,
            "user_data_base64": null,
            "user_data_replace_on_change": false,
            "volume_tags": null,
            "vpc_security_group_ids": [
              "sg-049a12b17bd1bee0b"
            ]
          },
          "sensitive_attributes": [],
          "private": "eyJlMmJmYjczMC1lY2FhLTExZTYtOGY4OC0zNDM2M2JjN2M0YzAiOnsiY3JlYXRlIjo2MDAwMDAwMDAwMDAsImRlbGV0ZSI6MTIwMDAwMDAwMDAwMCwicmVhZCI6OTAwMDAwMDAwMDAwLCJ1cGRhdGUiOjYwMDAwMDAwMDAwMH0sInNjaGVtYV92ZXJzaW9uIjoiMSJ9",
          "dependencies": [
            "module.ec2.data.aws_ami.amazon_linux_2",
            "module.ec2.data.aws_ami.ubuntu_20_04",
            "module.ec2.data.aws_security_groups.selected",
            "module.ec2.data.aws_subnets.selected",
            "module.ec2.random_shuffle.subnet"
          ]
        }
      ]
    },
    {
      "module": "module.ec2",
      "mode": "managed",
      "type": "aws_key_pair",
      "name": "key_pair",
      "provider": "provider[\"registry.terraform.io/hashicorp/aws\"]",
      "instances": [
        {
          "index_key": "dev-demo-keypair",
          "schema_version": 1,
          "attributes": {
            "arn": "arn:aws:ec2:us-east-1:991311245747:key-pair/dev-demo-keypair",
            "fingerprint": "74:bd:c3:a1:1c:c8:21:c5:55:c0:9d:b1:fc:08:71:48",
            "id": "dev-demo-keypair",
            "key_name": "dev-demo-keypair",
            "key_name_prefix": "",
            "key_pair_id": "key-0034504f149b2a4a6",
            "key_type": "rsa",
            "public_key": "ssh-rsa AAAAB3NzaC1yc2EAAAADAQABAAACAQCqNHLayA9y8XaDkYDgYZKPmHcpwXnOOMFR4jDmVNaJ94pusaOq4ygNG5stxtR+EFwhtNHIRUj00KgduMCksMnTpF45jYdLOq8DWQhMck+0RfGEijUu3bMadFHmXAvaWdR7LkLwrtoeVbcYxovC89ySvjC/18kl/Vj3CXMkk1CSE8RjKfYzoYWR8dMuh2t/mjjk4gSSLmvw7lhfJ2b21gWLpE4o6UrgEai9HbeLGy2bAMIySq4O4Sx/ze/y9rWmxfRRde5o7RHgWPAMWVU4ZMaVI//s4l9q+Dqs9hPGF609CNkUvus9MzJBl1PUxK2aSldOasKi8mGqXx6VG5V32bPpCcpEikHOeQT8V2pwXXs4GQrrThL4nW+u7zEqaqGX2larf1BCKSCYetYLJsFN3Fxxj7/txW6J/ceRq67zDZnx28iM2wpdPHQHgs3EYc9xDZNNh9/gppjxfA4VxHknXekRPF/nklG9ot3b3ZvJlt2hv8d75yNva1tSPU6Vebr9h1UJozWzv87NllNXeACYGsL2zrxMZrfvF5yvJ6mhY0I6yXnExVA5BSsyh4yCV0MvfJBS0+HDyzRYI+IFrf/c6+3R+SDnFzI1FEcqKOq/v6DcbHE757Iqg3NN/vlYQuOFpbq36iZHxrVNPObVk5Y6PhGDDGMchj4ysKtqRHg9J9x+EQ==",
            "tags": null,
            "tags_all": {}
          },
          "sensitive_attributes": [],
          "private": "eyJzY2hlbWFfdmVyc2lvbiI6IjEifQ==",
          "dependencies": [
            "module.ec2.tls_private_key.pvt_key"
          ]
        }
      ]
    },
    {
      "module": "module.ec2",
      "mode": "managed",
      "type": "random_shuffle",
      "name": "subnet",
      "provider": "provider[\"registry.terraform.io/hashicorp/random\"]",
      "instances": [
        {
          "index_key": "dev-demo-nginx",
          "schema_version": 0,
          "attributes": {
            "id": "-",
            "input": [
              "subnet-0de9110759253ff82",
              "subnet-03e40d4fa61477023"
            ],
            "keepers": null,
            "result": [
              "subnet-0de9110759253ff82"
            ],
            "result_count": 1,
            "seed": null
          },
          "sensitive_attributes": [],
          "dependencies": [
            "module.ec2.data.aws_subnets.selected"
          ]
        }
      ]
    },
    {
      "module": "module.ec2",
      "mode": "managed",
      "type": "tls_private_key",
      "name": "pvt_key",
      "provider": "provider[\"registry.terraform.io/hashicorp/tls\"]",
      "instances": [
        {
          "index_key": "dev-demo-keypair",
          "schema_version": 1,
          "attributes": {
            "algorithm": "RSA",
            "ecdsa_curve": "P224",
            "id": "72faa94542f6a025df6b25333391eb9d80122515",
            "private_key_openssh": "-----BEGIN OPENSSH PRIVATE KEY-----\nb3BlbnNzaC1rZXktdjEAAAAABG5vbmUAAAAEbm9uZQAAAAAAAAABAAACFwAAAAdz\nc2gtcnNhAAAAAwEAAQAAAgEAqjRy2sgPcvF2g5GA4GGSj5h3KcF5zjjBUeIw5lTW\nifeKbrGjquMoDRubLcbUfhBcIbTRyEVI9NCoHbjApLDJ06ReOY2HSzqvA1kITHJP\ntEXxhIo1Lt2zGnRR5lwL2lnUey5C8K7aHlW3GMaLwvPckr4wv9fJJf1Y9wlzJJNQ\nkhPEYyn2M6GFkfHTLodrf5o45OIEki5r8O5YXydm9tYFi6ROKOlK4BGovR23ixst\nmwDCMkquDuEsf83v8va1psX0UXXuaO0R4FjwDFlVOGTGlSP/7OJfavg6rPYTxhet\nPQjZFL7rPTMyQZdT1MStmkpXTmrCovJhql8elRuVd9mz6QnKRIpBznkE/FdqcF17\nOBkK604S+J1vru8xKmqhl9pWq39QQikgmHrWCybBTdxccY+/7cVuif3Hkauu8w2Z\n8dvIjNsKXTx0B4LNxGHPcQ2TTYff4KaY8XwOFcR5J13pETxf55JRvaLd292byZbd\nob/He+cjb2tbUj1OlXm6/YdVCaM1s7/OzZZTV3gAmBrC9s68TGa37xecryepoWNC\nOsl5xMVQOQUrMoeMgldDL3yQUtPhw8s0WCPiBa3/3Ovt0fkg5xcyNRRHKijqv7+g\n3GxxO+eyKoNzTf75WELjhaW6t+omR8a1TTzm1ZOWOj4RgwxjHIY+MrCrakR4PSfc\nfhEAAAc4k+cC/pPnAv4AAAAHc3NoLXJzYQAAAgEAqjRy2sgPcvF2g5GA4GGSj5h3\nKcF5zjjBUeIw5lTWifeKbrGjquMoDRubLcbUfhBcIbTRyEVI9NCoHbjApLDJ06Re\nOY2HSzqvA1kITHJPtEXxhIo1Lt2zGnRR5lwL2lnUey5C8K7aHlW3GMaLwvPckr4w\nv9fJJf1Y9wlzJJNQkhPEYyn2M6GFkfHTLodrf5o45OIEki5r8O5YXydm9tYFi6RO\nKOlK4BGovR23ixstmwDCMkquDuEsf83v8va1psX0UXXuaO0R4FjwDFlVOGTGlSP/\n7OJfavg6rPYTxhetPQjZFL7rPTMyQZdT1MStmkpXTmrCovJhql8elRuVd9mz6QnK\nRIpBznkE/FdqcF17OBkK604S+J1vru8xKmqhl9pWq39QQikgmHrWCybBTdxccY+/\n7cVuif3Hkauu8w2Z8dvIjNsKXTx0B4LNxGHPcQ2TTYff4KaY8XwOFcR5J13pETxf\n55JRvaLd292byZbdob/He+cjb2tbUj1OlXm6/YdVCaM1s7/OzZZTV3gAmBrC9s68\nTGa37xecryepoWNCOsl5xMVQOQUrMoeMgldDL3yQUtPhw8s0WCPiBa3/3Ovt0fkg\n5xcyNRRHKijqv7+g3GxxO+eyKoNzTf75WELjhaW6t+omR8a1TTzm1ZOWOj4Rgwxj\nHIY+MrCrakR4PSfcfhEAAAADAQABAAACAQCc3G+JoF1UkqKlyMBcirAW9O3FptDK\nNNY9z9c/P6rlRiTntYFgKa+svOd7/cWyVQOD8PBxwSDmtzJpCe9JGME48z//jKbG\nt1O6IyCZy7QXMWrPuswe4CWDWPZt9iDaYHWJ/O2mgY717AstozYFOtfqyauF8qon\n/+Aw9B2Q9M+JgPw6Y97KYK8H/TWiqR1yYUDT+FU8H9pNFmyNbXPgQwijVI7P94mR\nDdVUTYHtiuOx+bX/wYG+ptlrA/GDGsn45HExbh2FyA70kyLQTrhSm9XEd4QS3eIQ\nZKs24icBJqr7GB9wli+YnIlRl9Sjv4s7Kg5ib9Pndrh52uYFh4FuDk5WEuIq72iJ\nEWDhpbY/IOironOcZCQ8QsmhGmm+fkHDnE8jG0SoQ5T5QPgANlju7HMprlU+62xB\nM2Vw1kHhZsbZsv1eEU0ib7f/xfEk6QS4+2CLXn9pcaLfrnd7iVbXajzERDb1nikt\nd3HV81pKPL0ZWcMzZeBw3wSAsqj/evX0rqivFbQ3o4IgiPHu/oJJf9e7HbzEMg4l\nW0xOe8VVMTCjWChng/0mjQAMUHC1/0MZni2QzzetDAczOD18q5QH3QOzxznpf8pg\nYX2G1bcrr7PhA4q+/awV5uW7fT7FukCDoZqF3J1CxlnC/mxX2r6mI4grq78b2nav\nP0r/ElVjcAzVjQAAAQB7huUcELzMtUyIPLBV1ZQ1/5X6sR0PeYEE2iP/9ysC0mj8\ntzL9jUHzsh+rXKCVCy2bkMDC9GMmQjzAhlO3im8PwF7EB8JEG6heWnMujcT6dElp\nBxzcZbrfjSbkKFVQvHR34Y2xrNsrU/SOvwDiuP6poI4QC4LayWvmY4sTJ0h64njr\nbwHzr5wXyo7NkLrnHszHPnJ6T7cx66W6fht4DSi3wXFRONpaIeP2X7EqFDV7kBwG\nt6tO8APImkdI+kl//TrQ9S+yM8GH8WbfoKPzBUc//nKTNwbXnGYLBG3rnbrPltUv\n5H80R1pgLfubwbfuCbS7Fhz1mggtWs0GhtlVa5V2AAABAQDFpSNLsCAIiZsf1TaG\nCuVTZPvcU1+QUKEfFY+nbTp/wE3jOzU7Cik3Sxeh+hsLLRIYIvsXKzaOO8QjEJq8\nfzfe2sI9pK0vQM3D5GPk6NCSa2/FSfS/5VNM8DAJIXNlViG1R8QYGpr0WfEYaKlx\ndm7benvmXAQNuHQXFCC+HNMNETcjGKUw/ukGhaD/i7Xeg9maWnOI8yxBFKeZc6MA\ndaxw0eDIsD88Dm1LHeVHxKeNFsrlWJKyhLg1/2C/nbp9o8yZDs/GhDcFxLvJn6fN\nLvEFb+EBcYzVEI8RpSHh7WNm21s1O1Ugqdvttalp6OFAFe2cwLPzYGUypQ/1V0ZC\n+RLzAAABAQDcdUNqtfpM0dCiwwcTnQL2AQRHCwdEw7lANTN82VKZu7r4EAAOhyhg\nIEJqoEZ/vxuTz99LmVFcP/RKpzRxmp/5DxFJ5fZSa86k0eRhWAXv6kg+RzRlXPCL\ndbooIDa/vUnlfRDlOI6T/EEckhuAJ/KT4tALV4qhj32awhhikdrKoz+eVSSqvHak\nArpa9+DQnRO/IAlZ3IQaNWfOjUS2e/0dmiWFQgtiFLL1KXPOuKzL3LuQ3QlKNRfr\nNCAM4FEB3cz9trtWTxM8p3uJMvzTVzOMSbmRf9oFMP0XzCPttSmf0ZFyDzgX8XAl\nr/yW9+2tYNTqiMnfw0z7TPFwb+G1U8PrAAAAAAEC\n-----END OPENSSH PRIVATE KEY-----\n",
            "private_key_pem": "-----BEGIN RSA PRIVATE KEY-----\nMIIJKQIBAAKCAgEAqjRy2sgPcvF2g5GA4GGSj5h3KcF5zjjBUeIw5lTWifeKbrGj\nquMoDRubLcbUfhBcIbTRyEVI9NCoHbjApLDJ06ReOY2HSzqvA1kITHJPtEXxhIo1\nLt2zGnRR5lwL2lnUey5C8K7aHlW3GMaLwvPckr4wv9fJJf1Y9wlzJJNQkhPEYyn2\nM6GFkfHTLodrf5o45OIEki5r8O5YXydm9tYFi6ROKOlK4BGovR23ixstmwDCMkqu\nDuEsf83v8va1psX0UXXuaO0R4FjwDFlVOGTGlSP/7OJfavg6rPYTxhetPQjZFL7r\nPTMyQZdT1MStmkpXTmrCovJhql8elRuVd9mz6QnKRIpBznkE/FdqcF17OBkK604S\n+J1vru8xKmqhl9pWq39QQikgmHrWCybBTdxccY+/7cVuif3Hkauu8w2Z8dvIjNsK\nXTx0B4LNxGHPcQ2TTYff4KaY8XwOFcR5J13pETxf55JRvaLd292byZbdob/He+cj\nb2tbUj1OlXm6/YdVCaM1s7/OzZZTV3gAmBrC9s68TGa37xecryepoWNCOsl5xMVQ\nOQUrMoeMgldDL3yQUtPhw8s0WCPiBa3/3Ovt0fkg5xcyNRRHKijqv7+g3GxxO+ey\nKoNzTf75WELjhaW6t+omR8a1TTzm1ZOWOj4RgwxjHIY+MrCrakR4PSfcfhECAwEA\nAQKCAgEAnNxviaBdVJKipcjAXIqwFvTtxabQyjTWPc/XPz+q5UYk57WBYCmvrLzn\ne/3FslUDg/DwccEg5rcyaQnvSRjBOPM//4ymxrdTuiMgmcu0FzFqz7rMHuAlg1j2\nbfYg2mB1ifztpoGO9ewLLaM2BTrX6smrhfKqJ//gMPQdkPTPiYD8OmPeymCvB/01\noqkdcmFA0/hVPB/aTRZsjW1z4EMIo1SOz/eJkQ3VVE2B7Yrjsfm1/8GBvqbZawPx\ngxrJ+ORxMW4dhcgO9JMi0E64UpvVxHeEEt3iEGSrNuInASaq+xgfcJYvmJyJUZfU\no7+LOyoOYm/T53a4edrmBYeBbg5OVhLiKu9oiRFg4aW2PyDoq6JznGQkPELJoRpp\nvn5Bw5xPIxtEqEOU+UD4ADZY7uxzKa5VPutsQTNlcNZB4WbG2bL9XhFNIm+3/8Xx\nJOkEuPtgi15/aXGi3653e4lW12o8xEQ29Z4pLXdx1fNaSjy9GVnDM2XgcN8EgLKo\n/3r19K6orxW0N6OCIIjx7v6CSX/Xux28xDIOJVtMTnvFVTEwo1goZ4P9Jo0ADFBw\ntf9DGZ4tkM83rQwHMzg9fKuUB90Ds8c56X/KYGF9htW3K6+z4QOKvv2sFeblu30+\nxbpAg6GahdydQsZZwv5sV9q+piOIK6u/G9p2rz9K/xJVY3AM1Y0CggEBAMWlI0uw\nIAiJmx/VNoYK5VNk+9xTX5BQoR8Vj6dtOn/ATeM7NTsKKTdLF6H6GwstEhgi+xcr\nNo47xCMQmrx/N97awj2krS9AzcPkY+To0JJrb8VJ9L/lU0zwMAkhc2VWIbVHxBga\nmvRZ8RhoqXF2btt6e+ZcBA24dBcUIL4c0w0RNyMYpTD+6QaFoP+Ltd6D2Zpac4jz\nLEEUp5lzowB1rHDR4MiwPzwObUsd5UfEp40WyuVYkrKEuDX/YL+dun2jzJkOz8aE\nNwXEu8mfp80u8QVv4QFxjNUQjxGlIeHtY2bbWzU7VSCp2+21qWno4UAV7ZzAs/Ng\nZTKlD/VXRkL5EvMCggEBANx1Q2q1+kzR0KLDBxOdAvYBBEcLB0TDuUA1M3zZUpm7\nuvgQAA6HKGAgQmqgRn+/G5PP30uZUVw/9EqnNHGan/kPEUnl9lJrzqTR5GFYBe/q\nSD5HNGVc8It1uiggNr+9SeV9EOU4jpP8QRySG4An8pPi0AtXiqGPfZrCGGKR2sqj\nP55VJKq8dqQCulr34NCdE78gCVnchBo1Z86NRLZ7/R2aJYVCC2IUsvUpc864rMvc\nu5DdCUo1F+s0IAzgUQHdzP22u1ZPEzyne4ky/NNXM4xJuZF/2gUw/RfMI+21KZ/R\nkXIPOBfxcCWv/Jb37a1g1OqIyd/DTPtM8XBv4bVTw+sCggEAIVF9abz/KXFJHUys\nLFyZ3D0h2DqV2ZY+EydnWCopum+Isc3BY3qLCC84hK3M8U1fx4HeIkG+qKuanO6n\npy8rE/580Dd6moSqK2PNE0HMJ2LFLNUS1WarbETxVBi3g1XJyO2YORgDFz4yTpMW\nPXJhrc4wJN1OMaHusBVMj7/8NC+6w8fb0S6nydmtEmdS+XfwrvygjW2xACejOVMt\nH162+y3mXu6XOmCUPB2GEVstg7Nb8N3FnSKSi0fJ34OPdK6wRv0gOa8AN5C6t3qa\npxRKvUfm/n9N5n0sISVdWODT6PsBnS+rYh5AXQpKzPfdQRhxPgOeUmDlrmv1DL7x\nsUib0QKCAQEAzjZJx2lNJcoks/plhi0Z9e5hh+qC9Al4IN0iuie2IeL+MscUpoI6\nfB/wwDgHebrTGuIYZmiVOAsCgUoBvjn6ZUd4znzyeYoqEvXaAEwL0ax9wvNryVy0\nDF8ksB/h1lxC4QypXyAWDcqpRQZN/wRe3YINRG6wWAsWXEot8RWpaF5nRb0yvRno\nh+WdVzYB7mDfdamL1ah1UOafoQ93NJKp4qSrcAilCSt/cd9CWh1YVKC2Ofznkag0\nJWfuitzQKUTFWJUyirsQrW2kGmO9JhqtNw5HLBhBYRW/yCDFgrYwpzOqLtyZhZvr\nYPVK+hQTGFg5EOC+pDXUrkP8m0WsBKbD3QKCAQB7huUcELzMtUyIPLBV1ZQ1/5X6\nsR0PeYEE2iP/9ysC0mj8tzL9jUHzsh+rXKCVCy2bkMDC9GMmQjzAhlO3im8PwF7E\nB8JEG6heWnMujcT6dElpBxzcZbrfjSbkKFVQvHR34Y2xrNsrU/SOvwDiuP6poI4Q\nC4LayWvmY4sTJ0h64njrbwHzr5wXyo7NkLrnHszHPnJ6T7cx66W6fht4DSi3wXFR\nONpaIeP2X7EqFDV7kBwGt6tO8APImkdI+kl//TrQ9S+yM8GH8WbfoKPzBUc//nKT\nNwbXnGYLBG3rnbrPltUv5H80R1pgLfubwbfuCbS7Fhz1mggtWs0GhtlVa5V2\n-----END RSA PRIVATE KEY-----\n",
            "private_key_pem_pkcs8": "-----BEGIN PRIVATE KEY-----\nMIIJQwIBADANBgkqhkiG9w0BAQEFAASCCS0wggkpAgEAAoICAQCqNHLayA9y8XaD\nkYDgYZKPmHcpwXnOOMFR4jDmVNaJ94pusaOq4ygNG5stxtR+EFwhtNHIRUj00Kgd\nuMCksMnTpF45jYdLOq8DWQhMck+0RfGEijUu3bMadFHmXAvaWdR7LkLwrtoeVbcY\nxovC89ySvjC/18kl/Vj3CXMkk1CSE8RjKfYzoYWR8dMuh2t/mjjk4gSSLmvw7lhf\nJ2b21gWLpE4o6UrgEai9HbeLGy2bAMIySq4O4Sx/ze/y9rWmxfRRde5o7RHgWPAM\nWVU4ZMaVI//s4l9q+Dqs9hPGF609CNkUvus9MzJBl1PUxK2aSldOasKi8mGqXx6V\nG5V32bPpCcpEikHOeQT8V2pwXXs4GQrrThL4nW+u7zEqaqGX2larf1BCKSCYetYL\nJsFN3Fxxj7/txW6J/ceRq67zDZnx28iM2wpdPHQHgs3EYc9xDZNNh9/gppjxfA4V\nxHknXekRPF/nklG9ot3b3ZvJlt2hv8d75yNva1tSPU6Vebr9h1UJozWzv87NllNX\neACYGsL2zrxMZrfvF5yvJ6mhY0I6yXnExVA5BSsyh4yCV0MvfJBS0+HDyzRYI+IF\nrf/c6+3R+SDnFzI1FEcqKOq/v6DcbHE757Iqg3NN/vlYQuOFpbq36iZHxrVNPObV\nk5Y6PhGDDGMchj4ysKtqRHg9J9x+EQIDAQABAoICAQCc3G+JoF1UkqKlyMBcirAW\n9O3FptDKNNY9z9c/P6rlRiTntYFgKa+svOd7/cWyVQOD8PBxwSDmtzJpCe9JGME4\n8z//jKbGt1O6IyCZy7QXMWrPuswe4CWDWPZt9iDaYHWJ/O2mgY717AstozYFOtfq\nyauF8qon/+Aw9B2Q9M+JgPw6Y97KYK8H/TWiqR1yYUDT+FU8H9pNFmyNbXPgQwij\nVI7P94mRDdVUTYHtiuOx+bX/wYG+ptlrA/GDGsn45HExbh2FyA70kyLQTrhSm9XE\nd4QS3eIQZKs24icBJqr7GB9wli+YnIlRl9Sjv4s7Kg5ib9Pndrh52uYFh4FuDk5W\nEuIq72iJEWDhpbY/IOironOcZCQ8QsmhGmm+fkHDnE8jG0SoQ5T5QPgANlju7HMp\nrlU+62xBM2Vw1kHhZsbZsv1eEU0ib7f/xfEk6QS4+2CLXn9pcaLfrnd7iVbXajzE\nRDb1niktd3HV81pKPL0ZWcMzZeBw3wSAsqj/evX0rqivFbQ3o4IgiPHu/oJJf9e7\nHbzEMg4lW0xOe8VVMTCjWChng/0mjQAMUHC1/0MZni2QzzetDAczOD18q5QH3QOz\nxznpf8pgYX2G1bcrr7PhA4q+/awV5uW7fT7FukCDoZqF3J1CxlnC/mxX2r6mI4gr\nq78b2navP0r/ElVjcAzVjQKCAQEAxaUjS7AgCImbH9U2hgrlU2T73FNfkFChHxWP\np206f8BN4zs1OwopN0sXofobCy0SGCL7Fys2jjvEIxCavH833trCPaStL0DNw+Rj\n5OjQkmtvxUn0v+VTTPAwCSFzZVYhtUfEGBqa9FnxGGipcXZu23p75lwEDbh0FxQg\nvhzTDRE3IxilMP7pBoWg/4u13oPZmlpziPMsQRSnmXOjAHWscNHgyLA/PA5tSx3l\nR8SnjRbK5ViSsoS4Nf9gv526faPMmQ7PxoQ3BcS7yZ+nzS7xBW/hAXGM1RCPEaUh\n4e1jZttbNTtVIKnb7bWpaejhQBXtnMCz82BlMqUP9VdGQvkS8wKCAQEA3HVDarX6\nTNHQosMHE50C9gEERwsHRMO5QDUzfNlSmbu6+BAADocoYCBCaqBGf78bk8/fS5lR\nXD/0Sqc0cZqf+Q8RSeX2UmvOpNHkYVgF7+pIPkc0ZVzwi3W6KCA2v71J5X0Q5TiO\nk/xBHJIbgCfyk+LQC1eKoY99msIYYpHayqM/nlUkqrx2pAK6Wvfg0J0TvyAJWdyE\nGjVnzo1Etnv9HZolhUILYhSy9Slzzrisy9y7kN0JSjUX6zQgDOBRAd3M/ba7Vk8T\nPKd7iTL801czjEm5kX/aBTD9F8wj7bUpn9GRcg84F/FwJa/8lvftrWDU6ojJ38NM\n+0zxcG/htVPD6wKCAQAhUX1pvP8pcUkdTKwsXJncPSHYOpXZlj4TJ2dYKim6b4ix\nzcFjeosILziErczxTV/Hgd4iQb6oq5qc7qenLysT/nzQN3qahKorY80TQcwnYsUs\n1RLVZqtsRPFUGLeDVcnI7Zg5GAMXPjJOkxY9cmGtzjAk3U4xoe6wFUyPv/w0L7rD\nx9vRLqfJ2a0SZ1L5d/Cu/KCNbbEAJ6M5Uy0fXrb7LeZe7pc6YJQ8HYYRWy2Ds1vw\n3cWdIpKLR8nfg490rrBG/SA5rwA3kLq3epqnFEq9R+b+f03mfSwhJV1Y4NPo+wGd\nL6tiHkBdCkrM991BGHE+A55SYOWua/UMvvGxSJvRAoIBAQDONknHaU0lyiSz+mWG\nLRn17mGH6oL0CXgg3SK6J7Yh4v4yxxSmgjp8H/DAOAd5utMa4hhmaJU4CwKBSgG+\nOfplR3jOfPJ5iioS9doATAvRrH3C82vJXLQMXySwH+HWXELhDKlfIBYNyqlFBk3/\nBF7dgg1EbrBYCxZcSi3xFaloXmdFvTK9GeiH5Z1XNgHuYN91qYvVqHVQ5p+hD3c0\nkqnipKtwCKUJK39x30JaHVhUoLY5/OeRqDQlZ+6K3NApRMVYlTKKuxCtbaQaY70m\nGq03DkcsGEFhFb/IIMWCtjCnM6ou3JmFm+tg9Ur6FBMYWDkQ4L6kNdSuQ/ybRawE\npsPdAoIBAHuG5RwQvMy1TIg8sFXVlDX/lfqxHQ95gQTaI//3KwLSaPy3Mv2NQfOy\nH6tcoJULLZuQwML0YyZCPMCGU7eKbw/AXsQHwkQbqF5acy6NxPp0SWkHHNxlut+N\nJuQoVVC8dHfhjbGs2ytT9I6/AOK4/qmgjhALgtrJa+ZjixMnSHrieOtvAfOvnBfK\njs2QuucezMc+cnpPtzHrpbp+G3gNKLfBcVE42loh4/ZfsSoUNXuQHAa3q07wA8ia\nR0j6SX/9OtD1L7IzwYfxZt+go/MFRz/+cpM3BtecZgsEbeudus+W1S/kfzRHWmAt\n+5vBt+4JtLsWHPWaCC1azQaG2VVrlXY=\n-----END PRIVATE KEY-----\n",
            "public_key_fingerprint_md5": "4d:55:61:e3:69:d9:6d:e1:0f:d6:88:48:a4:0e:dd:2d",
            "public_key_fingerprint_sha256": "SHA256:7jg30JY2UkC7E/sIgypb5qp4ytN3W9QQpQQqqdtzEg4",
            "public_key_openssh": "ssh-rsa AAAAB3NzaC1yc2EAAAADAQABAAACAQCqNHLayA9y8XaDkYDgYZKPmHcpwXnOOMFR4jDmVNaJ94pusaOq4ygNG5stxtR+EFwhtNHIRUj00KgduMCksMnTpF45jYdLOq8DWQhMck+0RfGEijUu3bMadFHmXAvaWdR7LkLwrtoeVbcYxovC89ySvjC/18kl/Vj3CXMkk1CSE8RjKfYzoYWR8dMuh2t/mjjk4gSSLmvw7lhfJ2b21gWLpE4o6UrgEai9HbeLGy2bAMIySq4O4Sx/ze/y9rWmxfRRde5o7RHgWPAMWVU4ZMaVI//s4l9q+Dqs9hPGF609CNkUvus9MzJBl1PUxK2aSldOasKi8mGqXx6VG5V32bPpCcpEikHOeQT8V2pwXXs4GQrrThL4nW+u7zEqaqGX2larf1BCKSCYetYLJsFN3Fxxj7/txW6J/ceRq67zDZnx28iM2wpdPHQHgs3EYc9xDZNNh9/gppjxfA4VxHknXekRPF/nklG9ot3b3ZvJlt2hv8d75yNva1tSPU6Vebr9h1UJozWzv87NllNXeACYGsL2zrxMZrfvF5yvJ6mhY0I6yXnExVA5BSsyh4yCV0MvfJBS0+HDyzRYI+IFrf/c6+3R+SDnFzI1FEcqKOq/v6DcbHE757Iqg3NN/vlYQuOFpbq36iZHxrVNPObVk5Y6PhGDDGMchj4ysKtqRHg9J9x+EQ==\n",
            "public_key_pem": "-----BEGIN PUBLIC KEY-----\nMIICIjANBgkqhkiG9w0BAQEFAAOCAg8AMIICCgKCAgEAqjRy2sgPcvF2g5GA4GGS\nj5h3KcF5zjjBUeIw5lTWifeKbrGjquMoDRubLcbUfhBcIbTRyEVI9NCoHbjApLDJ\n06ReOY2HSzqvA1kITHJPtEXxhIo1Lt2zGnRR5lwL2lnUey5C8K7aHlW3GMaLwvPc\nkr4wv9fJJf1Y9wlzJJNQkhPEYyn2M6GFkfHTLodrf5o45OIEki5r8O5YXydm9tYF\ni6ROKOlK4BGovR23ixstmwDCMkquDuEsf83v8va1psX0UXXuaO0R4FjwDFlVOGTG\nlSP/7OJfavg6rPYTxhetPQjZFL7rPTMyQZdT1MStmkpXTmrCovJhql8elRuVd9mz\n6QnKRIpBznkE/FdqcF17OBkK604S+J1vru8xKmqhl9pWq39QQikgmHrWCybBTdxc\ncY+/7cVuif3Hkauu8w2Z8dvIjNsKXTx0B4LNxGHPcQ2TTYff4KaY8XwOFcR5J13p\nETxf55JRvaLd292byZbdob/He+cjb2tbUj1OlXm6/YdVCaM1s7/OzZZTV3gAmBrC\n9s68TGa37xecryepoWNCOsl5xMVQOQUrMoeMgldDL3yQUtPhw8s0WCPiBa3/3Ovt\n0fkg5xcyNRRHKijqv7+g3GxxO+eyKoNzTf75WELjhaW6t+omR8a1TTzm1ZOWOj4R\ngwxjHIY+MrCrakR4PSfcfhECAwEAAQ==\n-----END PUBLIC KEY-----\n",
            "rsa_bits": 4096
          },
          "sensitive_attributes": []
        }
      ]
    },
    {
      "module": "module.security_group",
      "mode": "data",
      "type": "aws_vpc",
      "name": "selected",
      "provider": "provider[\"registry.terraform.io/hashicorp/aws\"]",
      "instances": [
        {
          "schema_version": 0,
          "attributes": {
            "arn": "arn:aws:ec2:us-east-1:991311245747:vpc/vpc-014f14080ca872713",
            "cidr_block": "10.0.0.0/16",
            "cidr_block_associations": [
              {
                "association_id": "vpc-cidr-assoc-0684197d86fdf75d4",
                "cidr_block": "10.0.0.0/16",
                "state": "associated"
              }
            ],
            "default": false,
            "dhcp_options_id": "dopt-0a3b54c54732cb52d",
            "enable_dns_hostnames": true,
            "enable_dns_support": true,
            "enable_network_address_usage_metrics": false,
            "filter": null,
            "id": "vpc-014f14080ca872713",
            "instance_tenancy": "default",
            "ipv6_association_id": "",
            "ipv6_cidr_block": "",
            "main_route_table_id": "rtb-062c5962f091583f5",
            "owner_id": "991311245747",
            "state": null,
            "tags": {
              "Name": "dev-demo-vpc",
              "managed_by": "Terraform",
              "module": "terraform-vpc"
            },
            "timeouts": null
          },
          "sensitive_attributes": []
        }
      ]
    },
    {
      "module": "module.security_group",
      "mode": "managed",
      "type": "aws_security_group",
      "name": "main",
      "provider": "provider[\"registry.terraform.io/hashicorp/aws\"]",
      "instances": [
        {
          "index_key": "dev-demo-vpc-ingress-sg",
          "schema_version": 1,
          "attributes": {
            "arn": "arn:aws:ec2:us-east-1:991311245747:security-group/sg-030b1b427eea79d72",
            "description": "Security group for nginx instance",
            "egress": [
              {
                "cidr_blocks": [
                  "0.0.0.0/0"
                ],
                "description": "Allow all outbound traffic",
                "from_port": 0,
                "ipv6_cidr_blocks": [],
                "prefix_list_ids": [],
                "protocol": "-1",
                "security_groups": [],
                "self": false,
                "to_port": 0
              }
            ],
            "id": "sg-030b1b427eea79d72",
            "ingress": [
              {
                "cidr_blocks": [
                  "0.0.0.0/0"
                ],
                "description": "Allow HTTP traffic",
                "from_port": 80,
                "ipv6_cidr_blocks": [],
                "prefix_list_ids": [],
                "protocol": "tcp",
                "security_groups": [],
                "self": false,
                "to_port": 80
              }
            ],
            "name": "dev-demo-vpc-ingress-sg",
            "name_prefix": "",
            "owner_id": "991311245747",
            "revoke_rules_on_delete": false,
            "tags": {
              "Name": "dev-demo-vpc-ingress-sg",
              "managed_by": "Terraform",
              "module": "terraform-security-group"
            },
            "tags_all": {
              "Name": "dev-demo-vpc-ingress-sg",
              "managed_by": "Terraform",
              "module": "terraform-security-group"
            },
            "timeouts": null,
            "vpc_id": "vpc-014f14080ca872713"
          },
          "sensitive_attributes": [],
          "private": "eyJlMmJmYjczMC1lY2FhLTExZTYtOGY4OC0zNDM2M2JjN2M0YzAiOnsiY3JlYXRlIjo2MDAwMDAwMDAwMDAsImRlbGV0ZSI6OTAwMDAwMDAwMDAwfSwic2NoZW1hX3ZlcnNpb24iOiIxIn0=",
          "dependencies": [
            "module.security_group.data.aws_vpc.selected"
          ]
        }
      ]
    },
    {
      "module": "module.vpc",
      "mode": "data",
      "type": "aws_security_group",
      "name": "default_sg",
      "provider": "provider[\"registry.terraform.io/hashicorp/aws\"]",
      "instances": [
        {
          "schema_version": 0,
          "attributes": {
            "arn": "arn:aws:ec2:us-east-1:991311245747:security-group/sg-049a12b17bd1bee0b",
            "description": "default VPC security group",
            "filter": null,
            "id": "sg-049a12b17bd1bee0b",
            "name": "default",
            "tags": {
              "Name": "dev-demo-vpc-default-sg"
            },
            "timeouts": null,
            "vpc_id": "vpc-014f14080ca872713"
          },
          "sensitive_attributes": []
        }
      ]
    },
    {
      "module": "module.vpc",
      "mode": "managed",
      "type": "aws_ec2_tag",
      "name": "tag_default_sg",
      "provider": "provider[\"registry.terraform.io/hashicorp/aws\"]",
      "instances": [
        {
          "schema_version": 0,
          "attributes": {
            "id": "sg-049a12b17bd1bee0b,Name",
            "key": "Name",
            "resource_id": "sg-049a12b17bd1bee0b",
            "value": "dev-demo-vpc-default-sg"
          },
          "sensitive_attributes": [],
          "private": "bnVsbA==",
          "dependencies": [
            "module.vpc.aws_vpc.main",
            "module.vpc.data.aws_security_group.default_sg"
          ]
        }
      ]
    },
    {
      "module": "module.vpc",
      "mode": "managed",
      "type": "aws_eip",
      "name": "nat_eip",
      "provider": "provider[\"registry.terraform.io/hashicorp/aws\"]",
      "instances": [
        {
          "index_key": "dev-demo-vpc-ngw01",
          "schema_version": 0,
          "attributes": {
            "address": null,
            "allocation_id": "eipalloc-0cd22b68fd80479d7",
            "arn": "arn:aws:ec2:us-east-1:991311245747:elastic-ip/eipalloc-0cd22b68fd80479d7",
            "associate_with_private_ip": null,
            "association_id": "eipassoc-0c850c99c50c7b68a",
            "carrier_ip": "",
            "customer_owned_ip": "",
            "customer_owned_ipv4_pool": "",
            "domain": "vpc",
            "id": "eipalloc-0cd22b68fd80479d7",
            "instance": "",
            "network_border_group": "us-east-1",
            "network_interface": "eni-0b4c45fa3811f6552",
            "private_dns": "ip-10-0-2-151.ec2.internal",
            "private_ip": "10.0.2.151",
            "ptr_record": "",
            "public_dns": "ec2-35-173-118-33.compute-1.amazonaws.com",
            "public_ip": "35.173.118.33",
            "public_ipv4_pool": "amazon",
            "tags": {
              "Name": "dev-demo-vpc-ngw-eip01",
              "managed_by": "Terraform",
              "module": "terraform-vpc"
            },
            "tags_all": {
              "Name": "dev-demo-vpc-ngw-eip01",
              "managed_by": "Terraform",
              "module": "terraform-vpc"
            },
            "timeouts": null,
            "vpc": true
          },
          "sensitive_attributes": [],
          "private": "eyJlMmJmYjczMC1lY2FhLTExZTYtOGY4OC0zNDM2M2JjN2M0YzAiOnsiZGVsZXRlIjoxODAwMDAwMDAwMDAsInJlYWQiOjkwMDAwMDAwMDAwMCwidXBkYXRlIjozMDAwMDAwMDAwMDB9fQ==",
          "dependencies": [
            "module.vpc.aws_internet_gateway.igw",
            "module.vpc.aws_vpc.main"
          ]
        },
        {
          "index_key": "dev-demo-vpc-ngw02",
          "schema_version": 0,
          "attributes": {
            "address": null,
            "allocation_id": "eipalloc-05d15f756b0805a9e",
            "arn": "arn:aws:ec2:us-east-1:991311245747:elastic-ip/eipalloc-05d15f756b0805a9e",
            "associate_with_private_ip": null,
            "association_id": "eipassoc-08f49b9b88299e43b",
            "carrier_ip": "",
            "customer_owned_ip": "",
            "customer_owned_ipv4_pool": "",
            "domain": "vpc",
            "id": "eipalloc-05d15f756b0805a9e",
            "instance": "",
            "network_border_group": "us-east-1",
            "network_interface": "eni-085223222db0f1891",
            "private_dns": "ip-10-0-42-243.ec2.internal",
            "private_ip": "10.0.42.243",
            "ptr_record": "",
            "public_dns": "ec2-100-29-131-43.compute-1.amazonaws.com",
            "public_ip": "100.29.131.43",
            "public_ipv4_pool": "amazon",
            "tags": {
              "Name": "dev-demo-vpc-ngw-eip02",
              "managed_by": "Terraform",
              "module": "terraform-vpc"
            },
            "tags_all": {
              "Name": "dev-demo-vpc-ngw-eip02",
              "managed_by": "Terraform",
              "module": "terraform-vpc"
            },
            "timeouts": null,
            "vpc": true
          },
          "sensitive_attributes": [],
          "private": "eyJlMmJmYjczMC1lY2FhLTExZTYtOGY4OC0zNDM2M2JjN2M0YzAiOnsiZGVsZXRlIjoxODAwMDAwMDAwMDAsInJlYWQiOjkwMDAwMDAwMDAwMCwidXBkYXRlIjozMDAwMDAwMDAwMDB9fQ==",
          "dependencies": [
            "module.vpc.aws_internet_gateway.igw",
            "module.vpc.aws_vpc.main"
          ]
        },
        {
          "index_key": "dev-demo-vpc-ngw03",
          "schema_version": 0,
          "attributes": {
            "address": null,
            "allocation_id": "eipalloc-005d6471e2dbbd5a7",
            "arn": "arn:aws:ec2:us-east-1:991311245747:elastic-ip/eipalloc-005d6471e2dbbd5a7",
            "associate_with_private_ip": null,
            "association_id": "eipassoc-0f00a6af3cf18cd5d",
            "carrier_ip": "",
            "customer_owned_ip": "",
            "customer_owned_ipv4_pool": "",
            "domain": "vpc",
            "id": "eipalloc-005d6471e2dbbd5a7",
            "instance": "",
            "network_border_group": "us-east-1",
            "network_interface": "eni-0e5a65588428e6af7",
            "private_dns": "ip-10-0-70-108.ec2.internal",
            "private_ip": "10.0.70.108",
            "ptr_record": "",
            "public_dns": "ec2-54-81-186-111.compute-1.amazonaws.com",
            "public_ip": "54.81.186.111",
            "public_ipv4_pool": "amazon",
            "tags": {
              "Name": "dev-demo-vpc-ngw-eip03",
              "managed_by": "Terraform",
              "module": "terraform-vpc"
            },
            "tags_all": {
              "Name": "dev-demo-vpc-ngw-eip03",
              "managed_by": "Terraform",
              "module": "terraform-vpc"
            },
            "timeouts": null,
            "vpc": true
          },
          "sensitive_attributes": [],
          "private": "eyJlMmJmYjczMC1lY2FhLTExZTYtOGY4OC0zNDM2M2JjN2M0YzAiOnsiZGVsZXRlIjoxODAwMDAwMDAwMDAsInJlYWQiOjkwMDAwMDAwMDAwMCwidXBkYXRlIjozMDAwMDAwMDAwMDB9fQ==",
          "dependencies": [
            "module.vpc.aws_internet_gateway.igw",
            "module.vpc.aws_vpc.main"
          ]
        }
      ]
    },
    {
      "module": "module.vpc",
      "mode": "managed",
      "type": "aws_internet_gateway",
      "name": "igw",
      "provider": "provider[\"registry.terraform.io/hashicorp/aws\"]",
      "instances": [
        {
          "schema_version": 0,
          "attributes": {
            "arn": "arn:aws:ec2:us-east-1:991311245747:internet-gateway/igw-0b74b6426b43b2932",
            "id": "igw-0b74b6426b43b2932",
            "owner_id": "991311245747",
            "tags": {
              "Name": "dev-demo-vpc-igw",
              "managed_by": "Terraform",
              "module": "terraform-vpc"
            },
            "tags_all": {
              "Name": "dev-demo-vpc-igw",
              "managed_by": "Terraform",
              "module": "terraform-vpc"
            },
            "timeouts": null,
            "vpc_id": "vpc-014f14080ca872713"
          },
          "sensitive_attributes": [],
          "private": "eyJlMmJmYjczMC1lY2FhLTExZTYtOGY4OC0zNDM2M2JjN2M0YzAiOnsiY3JlYXRlIjoxMjAwMDAwMDAwMDAwLCJkZWxldGUiOjEyMDAwMDAwMDAwMDAsInVwZGF0ZSI6MTIwMDAwMDAwMDAwMH19",
          "dependencies": [
            "module.vpc.aws_vpc.main"
          ]
        }
      ]
    },
    {
      "module": "module.vpc",
      "mode": "managed",
      "type": "aws_nat_gateway",
      "name": "ngw",
      "provider": "provider[\"registry.terraform.io/hashicorp/aws\"]",
      "instances": [
        {
          "index_key": "dev-demo-vpc-ngw01",
          "schema_version": 0,
          "attributes": {
            "allocation_id": "eipalloc-0cd22b68fd80479d7",
            "association_id": "eipassoc-0c850c99c50c7b68a",
            "connectivity_type": "public",
            "id": "nat-0410f8ccdcff1bb34",
            "network_interface_id": "eni-0b4c45fa3811f6552",
            "private_ip": "10.0.2.151",
            "public_ip": "35.173.118.33",
            "secondary_allocation_ids": [],
            "secondary_private_ip_address_count": 0,
            "secondary_private_ip_addresses": [],
            "subnet_id": "subnet-03e40d4fa61477023",
            "tags": {
              "Name": "dev-demo-vpc-ngw01",
              "managed_by": "Terraform",
              "module": "terraform-vpc"
            },
            "tags_all": {
              "Name": "dev-demo-vpc-ngw01",
              "managed_by": "Terraform",
              "module": "terraform-vpc"
            },
            "timeouts": null
          },
          "sensitive_attributes": [],
          "private": "eyJlMmJmYjczMC1lY2FhLTExZTYtOGY4OC0zNDM2M2JjN2M0YzAiOnsiY3JlYXRlIjo2MDAwMDAwMDAwMDAsImRlbGV0ZSI6MTgwMDAwMDAwMDAwMCwidXBkYXRlIjo2MDAwMDAwMDAwMDB9fQ==",
          "dependencies": [
            "module.vpc.aws_eip.nat_eip",
            "module.vpc.aws_internet_gateway.igw",
            "module.vpc.aws_subnet.subnets",
            "module.vpc.aws_vpc.main"
          ]
        },
        {
          "index_key": "dev-demo-vpc-ngw02",
          "schema_version": 0,
          "attributes": {
            "allocation_id": "eipalloc-05d15f756b0805a9e",
            "association_id": "eipassoc-08f49b9b88299e43b",
            "connectivity_type": "public",
            "id": "nat-030b849dc7cae6db2",
            "network_interface_id": "eni-085223222db0f1891",
            "private_ip": "10.0.42.243",
            "public_ip": "100.29.131.43",
            "secondary_allocation_ids": [],
            "secondary_private_ip_address_count": 0,
            "secondary_private_ip_addresses": [],
            "subnet_id": "subnet-0de9110759253ff82",
            "tags": {
              "Name": "dev-demo-vpc-ngw02",
              "managed_by": "Terraform",
              "module": "terraform-vpc"
            },
            "tags_all": {
              "Name": "dev-demo-vpc-ngw02",
              "managed_by": "Terraform",
              "module": "terraform-vpc"
            },
            "timeouts": null
          },
          "sensitive_attributes": [],
          "private": "eyJlMmJmYjczMC1lY2FhLTExZTYtOGY4OC0zNDM2M2JjN2M0YzAiOnsiY3JlYXRlIjo2MDAwMDAwMDAwMDAsImRlbGV0ZSI6MTgwMDAwMDAwMDAwMCwidXBkYXRlIjo2MDAwMDAwMDAwMDB9fQ==",
          "dependencies": [
            "module.vpc.aws_eip.nat_eip",
            "module.vpc.aws_internet_gateway.igw",
            "module.vpc.aws_subnet.subnets",
            "module.vpc.aws_vpc.main"
          ]
        },
        {
          "index_key": "dev-demo-vpc-ngw03",
          "schema_version": 0,
          "attributes": {
            "allocation_id": "eipalloc-005d6471e2dbbd5a7",
            "association_id": "eipassoc-0f00a6af3cf18cd5d",
            "connectivity_type": "public",
            "id": "nat-02846226ad97b882d",
            "network_interface_id": "eni-0e5a65588428e6af7",
            "private_ip": "10.0.70.108",
            "public_ip": "54.81.186.111",
            "secondary_allocation_ids": [],
            "secondary_private_ip_address_count": 0,
            "secondary_private_ip_addresses": [],
            "subnet_id": "subnet-02332557209acc13f",
            "tags": {
              "Name": "dev-demo-vpc-ngw03",
              "managed_by": "Terraform",
              "module": "terraform-vpc"
            },
            "tags_all": {
              "Name": "dev-demo-vpc-ngw03",
              "managed_by": "Terraform",
              "module": "terraform-vpc"
            },
            "timeouts": null
          },
          "sensitive_attributes": [],
          "private": "eyJlMmJmYjczMC1lY2FhLTExZTYtOGY4OC0zNDM2M2JjN2M0YzAiOnsiY3JlYXRlIjo2MDAwMDAwMDAwMDAsImRlbGV0ZSI6MTgwMDAwMDAwMDAwMCwidXBkYXRlIjo2MDAwMDAwMDAwMDB9fQ==",
          "dependencies": [
            "module.vpc.aws_eip.nat_eip",
            "module.vpc.aws_internet_gateway.igw",
            "module.vpc.aws_subnet.subnets",
            "module.vpc.aws_vpc.main"
          ]
        }
      ]
    },
    {
      "module": "module.vpc",
      "mode": "managed",
      "type": "aws_route",
      "name": "gateway",
      "provider": "provider[\"registry.terraform.io/hashicorp/aws\"]",
      "instances": [
        {
          "index_key": "private01-rt-dev-demo-vpc",
          "schema_version": 0,
          "attributes": {
            "carrier_gateway_id": "",
            "core_network_arn": "",
            "destination_cidr_block": "0.0.0.0/0",
            "destination_ipv6_cidr_block": "",
            "destination_prefix_list_id": "",
            "egress_only_gateway_id": "",
            "gateway_id": "",
            "id": "r-rtb-0158e59ebb86014621080289494",
            "instance_id": "",
            "instance_owner_id": "",
            "local_gateway_id": "",
            "nat_gateway_id": "nat-0410f8ccdcff1bb34",
            "network_interface_id": "",
            "origin": "CreateRoute",
            "route_table_id": "rtb-0158e59ebb8601462",
            "state": "active",
            "timeouts": null,
            "transit_gateway_id": "",
            "vpc_endpoint_id": "",
            "vpc_peering_connection_id": ""
          },
          "sensitive_attributes": [],
          "private": "eyJlMmJmYjczMC1lY2FhLTExZTYtOGY4OC0zNDM2M2JjN2M0YzAiOnsiY3JlYXRlIjozMDAwMDAwMDAwMDAsImRlbGV0ZSI6MzAwMDAwMDAwMDAwLCJ1cGRhdGUiOjEyMDAwMDAwMDAwMH19",
          "dependencies": [
            "module.vpc.aws_internet_gateway.igw",
            "module.vpc.aws_nat_gateway.ngw",
            "module.vpc.aws_route_table.routes"
          ]
        },
        {
          "index_key": "private02-rt-dev-demo-vpc",
          "schema_version": 0,
          "attributes": {
            "carrier_gateway_id": "",
            "core_network_arn": "",
            "destination_cidr_block": "0.0.0.0/0",
            "destination_ipv6_cidr_block": "",
            "destination_prefix_list_id": "",
            "egress_only_gateway_id": "",
            "gateway_id": "",
            "id": "r-rtb-09f3e83977e81f48d1080289494",
            "instance_id": "",
            "instance_owner_id": "",
            "local_gateway_id": "",
            "nat_gateway_id": "nat-030b849dc7cae6db2",
            "network_interface_id": "",
            "origin": "CreateRoute",
            "route_table_id": "rtb-09f3e83977e81f48d",
            "state": "active",
            "timeouts": null,
            "transit_gateway_id": "",
            "vpc_endpoint_id": "",
            "vpc_peering_connection_id": ""
          },
          "sensitive_attributes": [],
          "private": "eyJlMmJmYjczMC1lY2FhLTExZTYtOGY4OC0zNDM2M2JjN2M0YzAiOnsiY3JlYXRlIjozMDAwMDAwMDAwMDAsImRlbGV0ZSI6MzAwMDAwMDAwMDAwLCJ1cGRhdGUiOjEyMDAwMDAwMDAwMH19",
          "dependencies": [
            "module.vpc.aws_internet_gateway.igw",
            "module.vpc.aws_nat_gateway.ngw",
            "module.vpc.aws_route_table.routes"
          ]
        },
        {
          "index_key": "private03-rt-dev-demo-vpc",
          "schema_version": 0,
          "attributes": {
            "carrier_gateway_id": "",
            "core_network_arn": "",
            "destination_cidr_block": "0.0.0.0/0",
            "destination_ipv6_cidr_block": "",
            "destination_prefix_list_id": "",
            "egress_only_gateway_id": "",
            "gateway_id": "",
            "id": "r-rtb-0106ce8185470d6681080289494",
            "instance_id": "",
            "instance_owner_id": "",
            "local_gateway_id": "",
            "nat_gateway_id": "nat-02846226ad97b882d",
            "network_interface_id": "",
            "origin": "CreateRoute",
            "route_table_id": "rtb-0106ce8185470d668",
            "state": "active",
            "timeouts": null,
            "transit_gateway_id": "",
            "vpc_endpoint_id": "",
            "vpc_peering_connection_id": ""
          },
          "sensitive_attributes": [],
          "private": "eyJlMmJmYjczMC1lY2FhLTExZTYtOGY4OC0zNDM2M2JjN2M0YzAiOnsiY3JlYXRlIjozMDAwMDAwMDAwMDAsImRlbGV0ZSI6MzAwMDAwMDAwMDAwLCJ1cGRhdGUiOjEyMDAwMDAwMDAwMH19",
          "dependencies": [
            "module.vpc.aws_internet_gateway.igw",
            "module.vpc.aws_nat_gateway.ngw",
            "module.vpc.aws_route_table.routes"
          ]
        },
        {
          "index_key": "public-rt-dev-demo-vpc",
          "schema_version": 0,
          "attributes": {
            "carrier_gateway_id": "",
            "core_network_arn": "",
            "destination_cidr_block": "0.0.0.0/0",
            "destination_ipv6_cidr_block": "",
            "destination_prefix_list_id": "",
            "egress_only_gateway_id": "",
            "gateway_id": "igw-0b74b6426b43b2932",
            "id": "r-rtb-0078fc9a82e8977ee1080289494",
            "instance_id": "",
            "instance_owner_id": "",
            "local_gateway_id": "",
            "nat_gateway_id": "",
            "network_interface_id": "",
            "origin": "CreateRoute",
            "route_table_id": "rtb-0078fc9a82e8977ee",
            "state": "active",
            "timeouts": null,
            "transit_gateway_id": "",
            "vpc_endpoint_id": "",
            "vpc_peering_connection_id": ""
          },
          "sensitive_attributes": [],
          "private": "eyJlMmJmYjczMC1lY2FhLTExZTYtOGY4OC0zNDM2M2JjN2M0YzAiOnsiY3JlYXRlIjozMDAwMDAwMDAwMDAsImRlbGV0ZSI6MzAwMDAwMDAwMDAwLCJ1cGRhdGUiOjEyMDAwMDAwMDAwMH19",
          "dependencies": [
            "module.vpc.aws_eip.nat_eip",
            "module.vpc.aws_internet_gateway.igw",
            "module.vpc.aws_nat_gateway.ngw",
            "module.vpc.aws_route_table.routes",
            "module.vpc.aws_subnet.subnets",
            "module.vpc.aws_vpc.main"
          ]
        }
      ]
    },
    {
      "module": "module.vpc",
      "mode": "managed",
      "type": "aws_route_table",
      "name": "routes",
      "provider": "provider[\"registry.terraform.io/hashicorp/aws\"]",
      "instances": [
        {
          "index_key": "private01-rt-dev-demo-vpc",
          "schema_version": 0,
          "attributes": {
            "arn": "arn:aws:ec2:us-east-1:991311245747:route-table/rtb-0158e59ebb8601462",
            "id": "rtb-0158e59ebb8601462",
            "owner_id": "991311245747",
            "propagating_vgws": [],
            "route": [
              {
                "carrier_gateway_id": "",
                "cidr_block": "0.0.0.0/0",
                "core_network_arn": "",
                "destination_prefix_list_id": "",
                "egress_only_gateway_id": "",
                "gateway_id": "",
                "ipv6_cidr_block": "",
                "local_gateway_id": "",
                "nat_gateway_id": "nat-0410f8ccdcff1bb34",
                "network_interface_id": "",
                "transit_gateway_id": "",
                "vpc_endpoint_id": "",
                "vpc_peering_connection_id": ""
              }
            ],
            "tags": {
              "Name": "private01-rt-dev-demo-vpc",
              "Network": "Private1",
              "managed_by": "Terraform",
              "module": "terraform-vpc"
            },
            "tags_all": {
              "Name": "private01-rt-dev-demo-vpc",
              "Network": "Private1",
              "managed_by": "Terraform",
              "module": "terraform-vpc"
            },
            "timeouts": null,
            "vpc_id": "vpc-014f14080ca872713"
          },
          "sensitive_attributes": [],
          "private": "eyJlMmJmYjczMC1lY2FhLTExZTYtOGY4OC0zNDM2M2JjN2M0YzAiOnsiY3JlYXRlIjozMDAwMDAwMDAwMDAsImRlbGV0ZSI6MzAwMDAwMDAwMDAwLCJ1cGRhdGUiOjEyMDAwMDAwMDAwMH19",
          "dependencies": [
            "module.vpc.aws_vpc.main"
          ]
        },
        {
          "index_key": "private02-rt-dev-demo-vpc",
          "schema_version": 0,
          "attributes": {
            "arn": "arn:aws:ec2:us-east-1:991311245747:route-table/rtb-09f3e83977e81f48d",
            "id": "rtb-09f3e83977e81f48d",
            "owner_id": "991311245747",
            "propagating_vgws": [],
            "route": [
              {
                "carrier_gateway_id": "",
                "cidr_block": "0.0.0.0/0",
                "core_network_arn": "",
                "destination_prefix_list_id": "",
                "egress_only_gateway_id": "",
                "gateway_id": "",
                "ipv6_cidr_block": "",
                "local_gateway_id": "",
                "nat_gateway_id": "nat-030b849dc7cae6db2",
                "network_interface_id": "",
                "transit_gateway_id": "",
                "vpc_endpoint_id": "",
                "vpc_peering_connection_id": ""
              }
            ],
            "tags": {
              "Name": "private02-rt-dev-demo-vpc",
              "Network": "Private2",
              "managed_by": "Terraform",
              "module": "terraform-vpc"
            },
            "tags_all": {
              "Name": "private02-rt-dev-demo-vpc",
              "Network": "Private2",
              "managed_by": "Terraform",
              "module": "terraform-vpc"
            },
            "timeouts": null,
            "vpc_id": "vpc-014f14080ca872713"
          },
          "sensitive_attributes": [],
          "private": "eyJlMmJmYjczMC1lY2FhLTExZTYtOGY4OC0zNDM2M2JjN2M0YzAiOnsiY3JlYXRlIjozMDAwMDAwMDAwMDAsImRlbGV0ZSI6MzAwMDAwMDAwMDAwLCJ1cGRhdGUiOjEyMDAwMDAwMDAwMH19",
          "dependencies": [
            "module.vpc.aws_vpc.main"
          ]
        },
        {
          "index_key": "private03-rt-dev-demo-vpc",
          "schema_version": 0,
          "attributes": {
            "arn": "arn:aws:ec2:us-east-1:991311245747:route-table/rtb-0106ce8185470d668",
            "id": "rtb-0106ce8185470d668",
            "owner_id": "991311245747",
            "propagating_vgws": [],
            "route": [
              {
                "carrier_gateway_id": "",
                "cidr_block": "0.0.0.0/0",
                "core_network_arn": "",
                "destination_prefix_list_id": "",
                "egress_only_gateway_id": "",
                "gateway_id": "",
                "ipv6_cidr_block": "",
                "local_gateway_id": "",
                "nat_gateway_id": "nat-02846226ad97b882d",
                "network_interface_id": "",
                "transit_gateway_id": "",
                "vpc_endpoint_id": "",
                "vpc_peering_connection_id": ""
              }
            ],
            "tags": {
              "Name": "private03-rt-dev-demo-vpc",
              "Network": "Private3",
              "managed_by": "Terraform",
              "module": "terraform-vpc"
            },
            "tags_all": {
              "Name": "private03-rt-dev-demo-vpc",
              "Network": "Private3",
              "managed_by": "Terraform",
              "module": "terraform-vpc"
            },
            "timeouts": null,
            "vpc_id": "vpc-014f14080ca872713"
          },
          "sensitive_attributes": [],
          "private": "eyJlMmJmYjczMC1lY2FhLTExZTYtOGY4OC0zNDM2M2JjN2M0YzAiOnsiY3JlYXRlIjozMDAwMDAwMDAwMDAsImRlbGV0ZSI6MzAwMDAwMDAwMDAwLCJ1cGRhdGUiOjEyMDAwMDAwMDAwMH19",
          "dependencies": [
            "module.vpc.aws_vpc.main"
          ]
        },
        {
          "index_key": "public-rt-dev-demo-vpc",
          "schema_version": 0,
          "attributes": {
            "arn": "arn:aws:ec2:us-east-1:991311245747:route-table/rtb-0078fc9a82e8977ee",
            "id": "rtb-0078fc9a82e8977ee",
            "owner_id": "991311245747",
            "propagating_vgws": [],
            "route": [
              {
                "carrier_gateway_id": "",
                "cidr_block": "0.0.0.0/0",
                "core_network_arn": "",
                "destination_prefix_list_id": "",
                "egress_only_gateway_id": "",
                "gateway_id": "igw-0b74b6426b43b2932",
                "ipv6_cidr_block": "",
                "local_gateway_id": "",
                "nat_gateway_id": "",
                "network_interface_id": "",
                "transit_gateway_id": "",
                "vpc_endpoint_id": "",
                "vpc_peering_connection_id": ""
              }
            ],
            "tags": {
              "Name": "public-rt-dev-demo-vpc",
              "Network": "Public1",
              "managed_by": "Terraform",
              "module": "terraform-vpc"
            },
            "tags_all": {
              "Name": "public-rt-dev-demo-vpc",
              "Network": "Public1",
              "managed_by": "Terraform",
              "module": "terraform-vpc"
            },
            "timeouts": null,
            "vpc_id": "vpc-014f14080ca872713"
          },
          "sensitive_attributes": [],
          "private": "eyJlMmJmYjczMC1lY2FhLTExZTYtOGY4OC0zNDM2M2JjN2M0YzAiOnsiY3JlYXRlIjozMDAwMDAwMDAwMDAsImRlbGV0ZSI6MzAwMDAwMDAwMDAwLCJ1cGRhdGUiOjEyMDAwMDAwMDAwMH19",
          "dependencies": [
            "module.vpc.aws_vpc.main"
          ]
        }
      ]
    },
    {
      "module": "module.vpc",
      "mode": "managed",
      "type": "aws_route_table_association",
      "name": "rt_association",
      "provider": "provider[\"registry.terraform.io/hashicorp/aws\"]",
      "instances": [
        {
          "index_key": "dev-demo-vpc-private-subnet01",
          "schema_version": 0,
          "attributes": {
            "gateway_id": "",
            "id": "rtbassoc-07d27ba70969f1b54",
            "route_table_id": "rtb-0158e59ebb8601462",
            "subnet_id": "subnet-0936417b243f13060",
            "timeouts": null
          },
          "sensitive_attributes": [],
          "private": "eyJlMmJmYjczMC1lY2FhLTExZTYtOGY4OC0zNDM2M2JjN2M0YzAiOnsiY3JlYXRlIjozMDAwMDAwMDAwMDAsImRlbGV0ZSI6MzAwMDAwMDAwMDAwLCJ1cGRhdGUiOjEyMDAwMDAwMDAwMH19",
          "dependencies": [
            "module.vpc.aws_route_table.routes",
            "module.vpc.aws_subnet.subnets",
            "module.vpc.aws_vpc.main"
          ]
        },
        {
          "index_key": "dev-demo-vpc-private-subnet02",
          "schema_version": 0,
          "attributes": {
            "gateway_id": "",
            "id": "rtbassoc-0ffac277805616d7c",
            "route_table_id": "rtb-09f3e83977e81f48d",
            "subnet_id": "subnet-088b328e1f202d04a",
            "timeouts": null
          },
          "sensitive_attributes": [],
          "private": "eyJlMmJmYjczMC1lY2FhLTExZTYtOGY4OC0zNDM2M2JjN2M0YzAiOnsiY3JlYXRlIjozMDAwMDAwMDAwMDAsImRlbGV0ZSI6MzAwMDAwMDAwMDAwLCJ1cGRhdGUiOjEyMDAwMDAwMDAwMH19",
          "dependencies": [
            "module.vpc.aws_route_table.routes",
            "module.vpc.aws_subnet.subnets",
            "module.vpc.aws_vpc.main"
          ]
        },
        {
          "index_key": "dev-demo-vpc-private-subnet03",
          "schema_version": 0,
          "attributes": {
            "gateway_id": "",
            "id": "rtbassoc-01a50a2537a19b58e",
            "route_table_id": "rtb-0106ce8185470d668",
            "subnet_id": "subnet-0d6915c11776fd355",
            "timeouts": null
          },
          "sensitive_attributes": [],
          "private": "eyJlMmJmYjczMC1lY2FhLTExZTYtOGY4OC0zNDM2M2JjN2M0YzAiOnsiY3JlYXRlIjozMDAwMDAwMDAwMDAsImRlbGV0ZSI6MzAwMDAwMDAwMDAwLCJ1cGRhdGUiOjEyMDAwMDAwMDAwMH19",
          "dependencies": [
            "module.vpc.aws_route_table.routes",
            "module.vpc.aws_subnet.subnets",
            "module.vpc.aws_vpc.main"
          ]
        },
        {
          "index_key": "dev-demo-vpc-public-subnet01",
          "schema_version": 0,
          "attributes": {
            "gateway_id": "",
            "id": "rtbassoc-0a95c245337ef1933",
            "route_table_id": "rtb-0078fc9a82e8977ee",
            "subnet_id": "subnet-03e40d4fa61477023",
            "timeouts": null
          },
          "sensitive_attributes": [],
          "private": "eyJlMmJmYjczMC1lY2FhLTExZTYtOGY4OC0zNDM2M2JjN2M0YzAiOnsiY3JlYXRlIjozMDAwMDAwMDAwMDAsImRlbGV0ZSI6MzAwMDAwMDAwMDAwLCJ1cGRhdGUiOjEyMDAwMDAwMDAwMH19",
          "dependencies": [
            "module.vpc.aws_route_table.routes",
            "module.vpc.aws_subnet.subnets",
            "module.vpc.aws_vpc.main"
          ]
        },
        {
          "index_key": "dev-demo-vpc-public-subnet02",
          "schema_version": 0,
          "attributes": {
            "gateway_id": "",
            "id": "rtbassoc-0752889c5d2c6484c",
            "route_table_id": "rtb-0078fc9a82e8977ee",
            "subnet_id": "subnet-0de9110759253ff82",
            "timeouts": null
          },
          "sensitive_attributes": [],
          "private": "eyJlMmJmYjczMC1lY2FhLTExZTYtOGY4OC0zNDM2M2JjN2M0YzAiOnsiY3JlYXRlIjozMDAwMDAwMDAwMDAsImRlbGV0ZSI6MzAwMDAwMDAwMDAwLCJ1cGRhdGUiOjEyMDAwMDAwMDAwMH19",
          "dependencies": [
            "module.vpc.aws_route_table.routes",
            "module.vpc.aws_subnet.subnets",
            "module.vpc.aws_vpc.main"
          ]
        },
        {
          "index_key": "dev-demo-vpc-public-subnet03",
          "schema_version": 0,
          "attributes": {
            "gateway_id": "",
            "id": "rtbassoc-0657d20882e535e43",
            "route_table_id": "rtb-0078fc9a82e8977ee",
            "subnet_id": "subnet-02332557209acc13f",
            "timeouts": null
          },
          "sensitive_attributes": [],
          "private": "eyJlMmJmYjczMC1lY2FhLTExZTYtOGY4OC0zNDM2M2JjN2M0YzAiOnsiY3JlYXRlIjozMDAwMDAwMDAwMDAsImRlbGV0ZSI6MzAwMDAwMDAwMDAwLCJ1cGRhdGUiOjEyMDAwMDAwMDAwMH19",
          "dependencies": [
            "module.vpc.aws_route_table.routes",
            "module.vpc.aws_subnet.subnets",
            "module.vpc.aws_vpc.main"
          ]
        }
      ]
    },
    {
      "module": "module.vpc",
      "mode": "managed",
      "type": "aws_subnet",
      "name": "subnets",
      "provider": "provider[\"registry.terraform.io/hashicorp/aws\"]",
      "instances": [
        {
          "index_key": "dev-demo-vpc-private-subnet01",
          "schema_version": 1,
          "attributes": {
            "arn": "arn:aws:ec2:us-east-1:991311245747:subnet/subnet-0936417b243f13060",
            "assign_ipv6_address_on_creation": false,
            "availability_zone": "us-east-1a",
            "availability_zone_id": "use1-az4",
            "cidr_block": "10.0.96.0/20",
            "customer_owned_ipv4_pool": "",
            "enable_dns64": false,
            "enable_lni_at_device_index": 0,
            "enable_resource_name_dns_a_record_on_launch": false,
            "enable_resource_name_dns_aaaa_record_on_launch": false,
            "id": "subnet-0936417b243f13060",
            "ipv6_cidr_block": "",
            "ipv6_cidr_block_association_id": "",
            "ipv6_native": false,
            "map_customer_owned_ip_on_launch": false,
            "map_public_ip_on_launch": false,
            "outpost_arn": "",
            "owner_id": "991311245747",
            "private_dns_hostname_type_on_launch": "ip-name",
            "tags": {
              "Name": "dev-demo-vpc-private-subnet01",
              "managed_by": "Terraform",
              "module": "terraform-vpc"
            },
            "tags_all": {
              "Name": "dev-demo-vpc-private-subnet01",
              "managed_by": "Terraform",
              "module": "terraform-vpc"
            },
            "timeouts": null,
            "vpc_id": "vpc-014f14080ca872713"
          },
          "sensitive_attributes": [],
          "private": "eyJlMmJmYjczMC1lY2FhLTExZTYtOGY4OC0zNDM2M2JjN2M0YzAiOnsiY3JlYXRlIjo2MDAwMDAwMDAwMDAsImRlbGV0ZSI6MTIwMDAwMDAwMDAwMH0sInNjaGVtYV92ZXJzaW9uIjoiMSJ9",
          "dependencies": [
            "module.vpc.aws_vpc.main"
          ]
        },
        {
          "index_key": "dev-demo-vpc-private-subnet02",
          "schema_version": 1,
          "attributes": {
            "arn": "arn:aws:ec2:us-east-1:991311245747:subnet/subnet-088b328e1f202d04a",
            "assign_ipv6_address_on_creation": false,
            "availability_zone": "us-east-1b",
            "availability_zone_id": "use1-az6",
            "cidr_block": "10.0.128.0/20",
            "customer_owned_ipv4_pool": "",
            "enable_dns64": false,
            "enable_lni_at_device_index": 0,
            "enable_resource_name_dns_a_record_on_launch": false,
            "enable_resource_name_dns_aaaa_record_on_launch": false,
            "id": "subnet-088b328e1f202d04a",
            "ipv6_cidr_block": "",
            "ipv6_cidr_block_association_id": "",
            "ipv6_native": false,
            "map_customer_owned_ip_on_launch": false,
            "map_public_ip_on_launch": false,
            "outpost_arn": "",
            "owner_id": "991311245747",
            "private_dns_hostname_type_on_launch": "ip-name",
            "tags": {
              "Name": "dev-demo-vpc-private-subnet02",
              "managed_by": "Terraform",
              "module": "terraform-vpc"
            },
            "tags_all": {
              "Name": "dev-demo-vpc-private-subnet02",
              "managed_by": "Terraform",
              "module": "terraform-vpc"
            },
            "timeouts": null,
            "vpc_id": "vpc-014f14080ca872713"
          },
          "sensitive_attributes": [],
          "private": "eyJlMmJmYjczMC1lY2FhLTExZTYtOGY4OC0zNDM2M2JjN2M0YzAiOnsiY3JlYXRlIjo2MDAwMDAwMDAwMDAsImRlbGV0ZSI6MTIwMDAwMDAwMDAwMH0sInNjaGVtYV92ZXJzaW9uIjoiMSJ9",
          "dependencies": [
            "module.vpc.aws_vpc.main"
          ]
        },
        {
          "index_key": "dev-demo-vpc-private-subnet03",
          "schema_version": 1,
          "attributes": {
            "arn": "arn:aws:ec2:us-east-1:991311245747:subnet/subnet-0d6915c11776fd355",
            "assign_ipv6_address_on_creation": false,
            "availability_zone": "us-east-1c",
            "availability_zone_id": "use1-az1",
            "cidr_block": "10.0.160.0/20",
            "customer_owned_ipv4_pool": "",
            "enable_dns64": false,
            "enable_lni_at_device_index": 0,
            "enable_resource_name_dns_a_record_on_launch": false,
            "enable_resource_name_dns_aaaa_record_on_launch": false,
            "id": "subnet-0d6915c11776fd355",
            "ipv6_cidr_block": "",
            "ipv6_cidr_block_association_id": "",
            "ipv6_native": false,
            "map_customer_owned_ip_on_launch": false,
            "map_public_ip_on_launch": false,
            "outpost_arn": "",
            "owner_id": "991311245747",
            "private_dns_hostname_type_on_launch": "ip-name",
            "tags": {
              "Name": "dev-demo-vpc-private-subnet03",
              "managed_by": "Terraform",
              "module": "terraform-vpc"
            },
            "tags_all": {
              "Name": "dev-demo-vpc-private-subnet03",
              "managed_by": "Terraform",
              "module": "terraform-vpc"
            },
            "timeouts": null,
            "vpc_id": "vpc-014f14080ca872713"
          },
          "sensitive_attributes": [],
          "private": "eyJlMmJmYjczMC1lY2FhLTExZTYtOGY4OC0zNDM2M2JjN2M0YzAiOnsiY3JlYXRlIjo2MDAwMDAwMDAwMDAsImRlbGV0ZSI6MTIwMDAwMDAwMDAwMH0sInNjaGVtYV92ZXJzaW9uIjoiMSJ9",
          "dependencies": [
            "module.vpc.aws_vpc.main"
          ]
        },
        {
          "index_key": "dev-demo-vpc-public-subnet01",
          "schema_version": 1,
          "attributes": {
            "arn": "arn:aws:ec2:us-east-1:991311245747:subnet/subnet-03e40d4fa61477023",
            "assign_ipv6_address_on_creation": false,
            "availability_zone": "us-east-1a",
            "availability_zone_id": "use1-az4",
            "cidr_block": "10.0.0.0/20",
            "customer_owned_ipv4_pool": "",
            "enable_dns64": false,
            "enable_lni_at_device_index": 0,
            "enable_resource_name_dns_a_record_on_launch": false,
            "enable_resource_name_dns_aaaa_record_on_launch": false,
            "id": "subnet-03e40d4fa61477023",
            "ipv6_cidr_block": "",
            "ipv6_cidr_block_association_id": "",
            "ipv6_native": false,
            "map_customer_owned_ip_on_launch": false,
            "map_public_ip_on_launch": true,
            "outpost_arn": "",
            "owner_id": "991311245747",
            "private_dns_hostname_type_on_launch": "ip-name",
            "tags": {
              "Name": "dev-demo-vpc-public-subnet01",
              "managed_by": "Terraform",
              "module": "terraform-vpc"
            },
            "tags_all": {
              "Name": "dev-demo-vpc-public-subnet01",
              "managed_by": "Terraform",
              "module": "terraform-vpc"
            },
            "timeouts": null,
            "vpc_id": "vpc-014f14080ca872713"
          },
          "sensitive_attributes": [],
          "private": "eyJlMmJmYjczMC1lY2FhLTExZTYtOGY4OC0zNDM2M2JjN2M0YzAiOnsiY3JlYXRlIjo2MDAwMDAwMDAwMDAsImRlbGV0ZSI6MTIwMDAwMDAwMDAwMH0sInNjaGVtYV92ZXJzaW9uIjoiMSJ9",
          "dependencies": [
            "module.vpc.aws_vpc.main"
          ]
        },
        {
          "index_key": "dev-demo-vpc-public-subnet02",
          "schema_version": 1,
          "attributes": {
            "arn": "arn:aws:ec2:us-east-1:991311245747:subnet/subnet-0de9110759253ff82",
            "assign_ipv6_address_on_creation": false,
            "availability_zone": "us-east-1b",
            "availability_zone_id": "use1-az6",
            "cidr_block": "10.0.32.0/20",
            "customer_owned_ipv4_pool": "",
            "enable_dns64": false,
            "enable_lni_at_device_index": 0,
            "enable_resource_name_dns_a_record_on_launch": false,
            "enable_resource_name_dns_aaaa_record_on_launch": false,
            "id": "subnet-0de9110759253ff82",
            "ipv6_cidr_block": "",
            "ipv6_cidr_block_association_id": "",
            "ipv6_native": false,
            "map_customer_owned_ip_on_launch": false,
            "map_public_ip_on_launch": true,
            "outpost_arn": "",
            "owner_id": "991311245747",
            "private_dns_hostname_type_on_launch": "ip-name",
            "tags": {
              "Name": "dev-demo-vpc-public-subnet02",
              "managed_by": "Terraform",
              "module": "terraform-vpc"
            },
            "tags_all": {
              "Name": "dev-demo-vpc-public-subnet02",
              "managed_by": "Terraform",
              "module": "terraform-vpc"
            },
            "timeouts": null,
            "vpc_id": "vpc-014f14080ca872713"
          },
          "sensitive_attributes": [],
          "private": "eyJlMmJmYjczMC1lY2FhLTExZTYtOGY4OC0zNDM2M2JjN2M0YzAiOnsiY3JlYXRlIjo2MDAwMDAwMDAwMDAsImRlbGV0ZSI6MTIwMDAwMDAwMDAwMH0sInNjaGVtYV92ZXJzaW9uIjoiMSJ9",
          "dependencies": [
            "module.vpc.aws_vpc.main"
          ]
        },
        {
          "index_key": "dev-demo-vpc-public-subnet03",
          "schema_version": 1,
          "attributes": {
            "arn": "arn:aws:ec2:us-east-1:991311245747:subnet/subnet-02332557209acc13f",
            "assign_ipv6_address_on_creation": false,
            "availability_zone": "us-east-1c",
            "availability_zone_id": "use1-az1",
            "cidr_block": "10.0.64.0/20",
            "customer_owned_ipv4_pool": "",
            "enable_dns64": false,
            "enable_lni_at_device_index": 0,
            "enable_resource_name_dns_a_record_on_launch": false,
            "enable_resource_name_dns_aaaa_record_on_launch": false,
            "id": "subnet-02332557209acc13f",
            "ipv6_cidr_block": "",
            "ipv6_cidr_block_association_id": "",
            "ipv6_native": false,
            "map_customer_owned_ip_on_launch": false,
            "map_public_ip_on_launch": true,
            "outpost_arn": "",
            "owner_id": "991311245747",
            "private_dns_hostname_type_on_launch": "ip-name",
            "tags": {
              "Name": "dev-demo-vpc-public-subnet03",
              "managed_by": "Terraform",
              "module": "terraform-vpc"
            },
            "tags_all": {
              "Name": "dev-demo-vpc-public-subnet03",
              "managed_by": "Terraform",
              "module": "terraform-vpc"
            },
            "timeouts": null,
            "vpc_id": "vpc-014f14080ca872713"
          },
          "sensitive_attributes": [],
          "private": "eyJlMmJmYjczMC1lY2FhLTExZTYtOGY4OC0zNDM2M2JjN2M0YzAiOnsiY3JlYXRlIjo2MDAwMDAwMDAwMDAsImRlbGV0ZSI6MTIwMDAwMDAwMDAwMH0sInNjaGVtYV92ZXJzaW9uIjoiMSJ9",
          "dependencies": [
            "module.vpc.aws_vpc.main"
          ]
        }
      ]
    },
    {
      "module": "module.vpc",
      "mode": "managed",
      "type": "aws_vpc",
      "name": "main",
      "provider": "provider[\"registry.terraform.io/hashicorp/aws\"]",
      "instances": [
        {
          "schema_version": 1,
          "attributes": {
            "arn": "arn:aws:ec2:us-east-1:991311245747:vpc/vpc-014f14080ca872713",
            "assign_generated_ipv6_cidr_block": false,
            "cidr_block": "10.0.0.0/16",
            "default_network_acl_id": "acl-0f313f3c5ef0a1648",
            "default_route_table_id": "rtb-062c5962f091583f5",
            "default_security_group_id": "sg-049a12b17bd1bee0b",
            "dhcp_options_id": "dopt-0a3b54c54732cb52d",
            "enable_dns_hostnames": true,
            "enable_dns_support": true,
            "enable_network_address_usage_metrics": false,
            "id": "vpc-014f14080ca872713",
            "instance_tenancy": "default",
            "ipv4_ipam_pool_id": null,
            "ipv4_netmask_length": null,
            "ipv6_association_id": "",
            "ipv6_cidr_block": "",
            "ipv6_cidr_block_network_border_group": "",
            "ipv6_ipam_pool_id": "",
            "ipv6_netmask_length": 0,
            "main_route_table_id": "rtb-062c5962f091583f5",
            "owner_id": "991311245747",
            "tags": {
              "Name": "dev-demo-vpc",
              "managed_by": "Terraform",
              "module": "terraform-vpc"
            },
            "tags_all": {
              "Name": "dev-demo-vpc",
              "managed_by": "Terraform",
              "module": "terraform-vpc"
            }
          },
          "sensitive_attributes": [],
          "private": "eyJzY2hlbWFfdmVyc2lvbiI6IjEifQ=="
        }
      ]
    }
  ],
  "check_results": null
}
